
Microsoft Visual Studio Solution File, Format Version 12.00
# Visual Studio 15
VisualStudioVersion = 15.0.27130.2026
MinimumVisualStudioVersion = 10.0.40219.1
Project("{8BC9CEB8-8B4A-11D0-8D11-00A0C91BC942}") = "백준 2193번 이친수", "백준 2193번 이친수\백준 2193번 이친수.vcxproj", "{DC061D21-BFAF-4010-9844-74E8B3F60C5D}"
EndProject
Global
	GlobalSection(SolutionConfigurationPlatforms) = preSolution
		Debug|x64 = Debug|x64
		Debug|x86 = Debug|x86
		Release|x64 = Release|x64
		Release|x86 = Release|x86
	EndGlobalSection
	GlobalSection(ProjectConfigurationPlatforms) = postSolution
		{DC061D21-BFAF-4010-9844-74E8B3F60C5D}.Debug|x64.ActiveCfg = Debug|x64
		{DC061D21-BFAF-4010-9844-74E8B3F60C5D}.Debug|x64.Build.0 = Debug|x64
		{DC061D21-BFAF-4010-9844-74E8B3F60C5D}.Debug|x86.ActiveCfg = Debug|Win32
		{DC061D21-BFAF-4010-9844-74E8B3F60C5D}.Debug|x86.Build.0 = Debug|Win32
		{DC061D21-BFAF-4010-9844-74E8B3F60C5D}.Release|x64.ActiveCfg = Release|x64
		{DC061D21-BFAF-4010-9844-74E8B3F60C5D}.Release|x64.Build.0 = Release|x64
		{DC061D21-BFAF-4010-9844-74E8B3F60C5D}.Release|x86.ActiveCfg = Release|Win32
		{DC061D21-BFAF-4010-9844-74E8B3F60C5D}.Release|x86.Build.0 = Release|Win32
	EndGlobalSection
	GlobalSection(SolutionProperties) = preSolution
		HideSolutionNode = FALSE
	EndGlobalSection
	GlobalSection(ExtensibilityGlobals) = postSolution
		SolutionGuid = {823C36BF-CE30-404A-AF9C-1A28CE9A1545}
	EndGlobalSection
EndGlobal
